
Microsoft Visual Studio Solution File, Format Version 12.00
# Visual Studio Version 17
VisualStudioVersion = 17.0.32112.339
MinimumVisualStudioVersion = 10.0.40219.1
Project("{FAE04EC0-301F-11D3-BF4B-00C04F79EFBC}") = "SystemSchool", "SystemSchool\SystemSchool.csproj", "{AC232B8C-A778-4F1D-8547-BB319BC4E9E0}"
EndProject
Global
	GlobalSection(SolutionConfigurationPlatforms) = preSolution
		Debug|Any CPU = Debug|Any CPU
		Release|Any CPU = Release|Any CPU
	EndGlobalSection
	GlobalSection(ProjectConfigurationPlatforms) = postSolution
		{AC232B8C-A778-4F1D-8547-BB319BC4E9E0}.Debug|Any CPU.ActiveCfg = Debug|Any CPU
		{AC232B8C-A778-4F1D-8547-BB319BC4E9E0}.Debug|Any CPU.Build.0 = Debug|Any CPU
		{AC232B8C-A778-4F1D-8547-BB319BC4E9E0}.Release|Any CPU.ActiveCfg = Release|Any CPU
		{AC232B8C-A778-4F1D-8547-BB319BC4E9E0}.Release|Any CPU.Build.0 = Release|Any CPU
	EndGlobalSection
	GlobalSection(SolutionProperties) = preSolution
		HideSolutionNode = FALSE
	EndGlobalSection
	GlobalSection(ExtensibilityGlobals) = postSolution
		SolutionGuid = {B8D8325C-90C6-4216-B76D-420D6F15D99B}
	EndGlobalSection
EndGlobal
